
Microsoft Visual Studio Solution File, Format Version 12.00
# Visual Studio Version 17
VisualStudioVersion = 17.8.34322.80
MinimumVisualStudioVersion = 10.0.40219.1
Project("{9A19103F-16F7-4668-BE54-9A1E7A4F7556}") = "ChocolateLib", "CharlottesChocolate\ChocolateLib.csproj", "{0FD02F54-466D-4EC5-BF1B-6E392F48195F}"
EndProject
Project("{FAE04EC0-301F-11D3-BF4B-00C04F79EFBC}") = "ChocolateLibTests", "ChocolateLibTests\ChocolateLibTests.csproj", "{38AE3AFC-9987-48EC-B968-8FE5678C7BF1}"
EndProject
Global
	GlobalSection(SolutionConfigurationPlatforms) = preSolution
		Debug|Any CPU = Debug|Any CPU
		Release|Any CPU = Release|Any CPU
	EndGlobalSection
	GlobalSection(ProjectConfigurationPlatforms) = postSolution
		{0FD02F54-466D-4EC5-BF1B-6E392F48195F}.Debug|Any CPU.ActiveCfg = Debug|Any CPU
		{0FD02F54-466D-4EC5-BF1B-6E392F48195F}.Debug|Any CPU.Build.0 = Debug|Any CPU
		{0FD02F54-466D-4EC5-BF1B-6E392F48195F}.Release|Any CPU.ActiveCfg = Release|Any CPU
		{0FD02F54-466D-4EC5-BF1B-6E392F48195F}.Release|Any CPU.Build.0 = Release|Any CPU
		{38AE3AFC-9987-48EC-B968-8FE5678C7BF1}.Debug|Any CPU.ActiveCfg = Debug|Any CPU
		{38AE3AFC-9987-48EC-B968-8FE5678C7BF1}.Debug|Any CPU.Build.0 = Debug|Any CPU
		{38AE3AFC-9987-48EC-B968-8FE5678C7BF1}.Release|Any CPU.ActiveCfg = Release|Any CPU
		{38AE3AFC-9987-48EC-B968-8FE5678C7BF1}.Release|Any CPU.Build.0 = Release|Any CPU
	EndGlobalSection
	GlobalSection(SolutionProperties) = preSolution
		HideSolutionNode = FALSE
	EndGlobalSection
	GlobalSection(ExtensibilityGlobals) = postSolution
		SolutionGuid = {E4C9A9EA-619B-43B1-9A86-F14F6C0645B9}
	EndGlobalSection
EndGlobal
